
Microsoft Visual Studio Solution File, Format Version 12.00
# Visual Studio Version 17
VisualStudioVersion = 17.9.34902.65
MinimumVisualStudioVersion = 10.0.40219.1
Project("{FAE04EC0-301F-11D3-BF4B-00C04F79EFBC}") = "CopilotWindowApp", "CopilotWindowApp\CopilotWindowApp.csproj", "{69746912-2116-4C84-89FF-BF6DC8F2C8D2}"
EndProject
Global
	GlobalSection(SolutionConfigurationPlatforms) = preSolution
		Debug|Any CPU = Debug|Any CPU
		Release|Any CPU = Release|Any CPU
	EndGlobalSection
	GlobalSection(ProjectConfigurationPlatforms) = postSolution
		{69746912-2116-4C84-89FF-BF6DC8F2C8D2}.Debug|Any CPU.ActiveCfg = Debug|Any CPU
		{69746912-2116-4C84-89FF-BF6DC8F2C8D2}.Debug|Any CPU.Build.0 = Debug|Any CPU
		{69746912-2116-4C84-89FF-BF6DC8F2C8D2}.Release|Any CPU.ActiveCfg = Release|Any CPU
		{69746912-2116-4C84-89FF-BF6DC8F2C8D2}.Release|Any CPU.Build.0 = Release|Any CPU
	EndGlobalSection
	GlobalSection(SolutionProperties) = preSolution
		HideSolutionNode = FALSE
	EndGlobalSection
	GlobalSection(ExtensibilityGlobals) = postSolution
		SolutionGuid = {61F1D339-2F10-47B3-ADA0-9324A6952FA7}
	EndGlobalSection
EndGlobal
